
Microsoft Visual Studio Solution File, Format Version 12.00
# Visual Studio Version 16
VisualStudioVersion = 16.0.29728.190
MinimumVisualStudioVersion = 10.0.40219.1
Project("{FAE04EC0-301F-11D3-BF4B-00C04F79EFBC}") = "DN.Domain", "DN.Domain\DN.Domain.csproj", "{B1971C9A-B6F0-4730-8F60-C4F805D77741}"
EndProject
Project("{FAE04EC0-301F-11D3-BF4B-00C04F79EFBC}") = "DN.SharedKernel", "DN.SharedKernel\DN.SharedKernel.csproj", "{C339C7C3-8B16-4C10-B560-987042FA949D}"
EndProject
Project("{2150E333-8FDC-42A3-9474-1A3956D46DE8}") = "Domain", "Domain", "{26A308EB-43E4-461F-8624-4A975DB40B75}"
EndProject
Project("{2150E333-8FDC-42A3-9474-1A3956D46DE8}") = "Infra", "Infra", "{ED598283-E046-4312-ACF2-75000692889E}"
EndProject
Project("{FAE04EC0-301F-11D3-BF4B-00C04F79EFBC}") = "DN.Data", "DN.Data\DN.Data.csproj", "{5647EC6E-2D27-4D4E-A5CA-FDC8968CC932}"
EndProject
Project("{FAE04EC0-301F-11D3-BF4B-00C04F79EFBC}") = "DN.CrossCutting", "DN.CrossCutting\DN.CrossCutting.csproj", "{ACFF100E-B2D9-42CE-A778-119D61B361F0}"
EndProject
Project("{2150E333-8FDC-42A3-9474-1A3956D46DE8}") = "ApplicationService", "ApplicationService", "{DFBB20B5-2183-492E-9D0A-7C2EAC6F80B6}"
EndProject
Project("{FAE04EC0-301F-11D3-BF4B-00C04F79EFBC}") = "DN.ApplicationService", "DN.ApplicationService\DN.ApplicationService.csproj", "{834ABBB3-2260-47C3-9BFE-E404190763D5}"
EndProject
Project("{2150E333-8FDC-42A3-9474-1A3956D46DE8}") = "API", "API", "{3369E957-3C71-428B-BAAE-0AC49C8187E4}"
EndProject
Project("{FAE04EC0-301F-11D3-BF4B-00C04F79EFBC}") = "DN.API", "DN.API\DN.API.csproj", "{4526C72C-D745-45C3-A8F1-559FF21EC693}"
EndProject
Global
	GlobalSection(SolutionConfigurationPlatforms) = preSolution
		Debug|Any CPU = Debug|Any CPU
		Release|Any CPU = Release|Any CPU
	EndGlobalSection
	GlobalSection(ProjectConfigurationPlatforms) = postSolution
		{B1971C9A-B6F0-4730-8F60-C4F805D77741}.Debug|Any CPU.ActiveCfg = Debug|Any CPU
		{B1971C9A-B6F0-4730-8F60-C4F805D77741}.Debug|Any CPU.Build.0 = Debug|Any CPU
		{B1971C9A-B6F0-4730-8F60-C4F805D77741}.Release|Any CPU.ActiveCfg = Release|Any CPU
		{B1971C9A-B6F0-4730-8F60-C4F805D77741}.Release|Any CPU.Build.0 = Release|Any CPU
		{C339C7C3-8B16-4C10-B560-987042FA949D}.Debug|Any CPU.ActiveCfg = Debug|Any CPU
		{C339C7C3-8B16-4C10-B560-987042FA949D}.Debug|Any CPU.Build.0 = Debug|Any CPU
		{C339C7C3-8B16-4C10-B560-987042FA949D}.Release|Any CPU.ActiveCfg = Release|Any CPU
		{C339C7C3-8B16-4C10-B560-987042FA949D}.Release|Any CPU.Build.0 = Release|Any CPU
		{5647EC6E-2D27-4D4E-A5CA-FDC8968CC932}.Debug|Any CPU.ActiveCfg = Debug|Any CPU
		{5647EC6E-2D27-4D4E-A5CA-FDC8968CC932}.Debug|Any CPU.Build.0 = Debug|Any CPU
		{5647EC6E-2D27-4D4E-A5CA-FDC8968CC932}.Release|Any CPU.ActiveCfg = Release|Any CPU
		{5647EC6E-2D27-4D4E-A5CA-FDC8968CC932}.Release|Any CPU.Build.0 = Release|Any CPU
		{ACFF100E-B2D9-42CE-A778-119D61B361F0}.Debug|Any CPU.ActiveCfg = Debug|Any CPU
		{ACFF100E-B2D9-42CE-A778-119D61B361F0}.Debug|Any CPU.Build.0 = Debug|Any CPU
		{ACFF100E-B2D9-42CE-A778-119D61B361F0}.Release|Any CPU.ActiveCfg = Release|Any CPU
		{ACFF100E-B2D9-42CE-A778-119D61B361F0}.Release|Any CPU.Build.0 = Release|Any CPU
		{834ABBB3-2260-47C3-9BFE-E404190763D5}.Debug|Any CPU.ActiveCfg = Debug|Any CPU
		{834ABBB3-2260-47C3-9BFE-E404190763D5}.Debug|Any CPU.Build.0 = Debug|Any CPU
		{834ABBB3-2260-47C3-9BFE-E404190763D5}.Release|Any CPU.ActiveCfg = Release|Any CPU
		{834ABBB3-2260-47C3-9BFE-E404190763D5}.Release|Any CPU.Build.0 = Release|Any CPU
		{4526C72C-D745-45C3-A8F1-559FF21EC693}.Debug|Any CPU.ActiveCfg = Debug|Any CPU
		{4526C72C-D745-45C3-A8F1-559FF21EC693}.Debug|Any CPU.Build.0 = Debug|Any CPU
		{4526C72C-D745-45C3-A8F1-559FF21EC693}.Release|Any CPU.ActiveCfg = Release|Any CPU
		{4526C72C-D745-45C3-A8F1-559FF21EC693}.Release|Any CPU.Build.0 = Release|Any CPU
	EndGlobalSection
	GlobalSection(SolutionProperties) = preSolution
		HideSolutionNode = FALSE
	EndGlobalSection
	GlobalSection(NestedProjects) = preSolution
		{B1971C9A-B6F0-4730-8F60-C4F805D77741} = {26A308EB-43E4-461F-8624-4A975DB40B75}
		{C339C7C3-8B16-4C10-B560-987042FA949D} = {26A308EB-43E4-461F-8624-4A975DB40B75}
		{5647EC6E-2D27-4D4E-A5CA-FDC8968CC932} = {ED598283-E046-4312-ACF2-75000692889E}
		{ACFF100E-B2D9-42CE-A778-119D61B361F0} = {ED598283-E046-4312-ACF2-75000692889E}
		{834ABBB3-2260-47C3-9BFE-E404190763D5} = {DFBB20B5-2183-492E-9D0A-7C2EAC6F80B6}
		{4526C72C-D745-45C3-A8F1-559FF21EC693} = {3369E957-3C71-428B-BAAE-0AC49C8187E4}
	EndGlobalSection
	GlobalSection(ExtensibilityGlobals) = postSolution
		SolutionGuid = {9D250ACE-913D-4A74-8F6D-2CAFE5484B97}
	EndGlobalSection
EndGlobal
